
Microsoft Visual Studio Solution File, Format Version 12.00
# Visual Studio Version 17
VisualStudioVersion = 17.9.34728.123
MinimumVisualStudioVersion = 10.0.40219.1
Project("{FAE04EC0-301F-11D3-BF4B-00C04F79EFBC}") = "ECommerceApi", "src\ECommerceApi.csproj", "{7AD5EF84-57E3-4102-8283-6D2063B8AF6A}"
EndProject
Project("{FAE04EC0-301F-11D3-BF4B-00C04F79EFBC}") = "ECommerceApi.Tests", "tests\ECommerceApi.Tests\ECommerceApi.Tests.csproj", "{5A84A00E-2DDA-4914-A52C-91A84E8841A7}"
EndProject
Global
	GlobalSection(SolutionConfigurationPlatforms) = preSolution
		Debug|Any CPU = Debug|Any CPU
		Release|Any CPU = Release|Any CPU
	EndGlobalSection
	GlobalSection(ProjectConfigurationPlatforms) = postSolution
		{7AD5EF84-57E3-4102-8283-6D2063B8AF6A}.Debug|Any CPU.ActiveCfg = Debug|Any CPU
		{7AD5EF84-57E3-4102-8283-6D2063B8AF6A}.Debug|Any CPU.Build.0 = Debug|Any CPU
		{7AD5EF84-57E3-4102-8283-6D2063B8AF6A}.Release|Any CPU.ActiveCfg = Release|Any CPU
		{7AD5EF84-57E3-4102-8283-6D2063B8AF6A}.Release|Any CPU.Build.0 = Release|Any CPU
		{5A84A00E-2DDA-4914-A52C-91A84E8841A7}.Debug|Any CPU.ActiveCfg = Debug|Any CPU
		{5A84A00E-2DDA-4914-A52C-91A84E8841A7}.Debug|Any CPU.Build.0 = Debug|Any CPU
		{5A84A00E-2DDA-4914-A52C-91A84E8841A7}.Release|Any CPU.ActiveCfg = Release|Any CPU
		{5A84A00E-2DDA-4914-A52C-91A84E8841A7}.Release|Any CPU.Build.0 = Release|Any CPU
	EndGlobalSection
	GlobalSection(SolutionProperties) = preSolution
		HideSolutionNode = FALSE
	EndGlobalSection
EndGlobal
